speakeasyVersion: 1.454.0
sources:
    FireHydrant-OAS:
        sourceNamespace: fire-hydrant-oas
        sourceRevisionDigest: sha256:a57a0b9c7838d2d0de4bcebe8959254612a7bc492192443a6367da9fac36a970
        sourceBlobDigest: sha256:fcbec2313610ce252fc40b13d17506befa4e69a2887cb6a47df50c37d65c6881
        tags:
            - latest
    firehydrant-oas:
        sourceNamespace: firehydrant-oas
        sourceRevisionDigest: sha256:7a6372b874659b31ff948d0bea4fadc086baf8d942c313ad129aa8995992d5b2
        sourceBlobDigest: sha256:f6ffe4d71cbc8f195cf28218fe7c5a6212053a7fa58a4e0aa275374cfcf3c675
        tags:
            - latest
            - speakeasy-sdk-regen-1732580847
            - 0.0.1
targets:
    fire-hydrant:
        source: firehydrant-oas
        sourceNamespace: firehydrant-oas
        sourceRevisionDigest: sha256:7a6372b874659b31ff948d0bea4fadc086baf8d942c313ad129aa8995992d5b2
        sourceBlobDigest: sha256:f6ffe4d71cbc8f195cf28218fe7c5a6212053a7fa58a4e0aa275374cfcf3c675
        codeSamplesNamespace: firehydrant-oas-go-code-samples
        codeSamplesRevisionDigest: sha256:a28a8252217f5ce8373b8fe0179bff047c6f0c1edc9f2a2cd8e2633097af7ba0
workflow:
    workflowVersion: 1.0.0
    speakeasyVersion: latest
    sources:
        firehydrant-oas:
            inputs:
                - location: ./openapi.yaml
            overlays:
                - location: .speakeasy/speakeasy-modifications-overlay.yaml
                - location: errors-overlay.yaml
            registry:
                location: registry.speakeasyapi.dev/firehydrant/firehydrant/firehydrant-oas
    targets:
        fire-hydrant:
            target: go
            source: firehydrant-oas
            codeSamples:
                registry:
                    location: registry.speakeasyapi.dev/firehydrant/firehydrant/firehydrant-oas-go-code-samples
                blocking: false
