speakeasyVersion: 1.419.0
sources:
    FireHydrant-OAS:
        sourceNamespace: fire-hydrant-oas
        sourceRevisionDigest: sha256:ef0699ae44b05110746b6aa616a0724501ab9b581cb6490c80355bbbb2b83e5e
        sourceBlobDigest: sha256:84df2b330bff24743652909b4a5ba94e70a276fba9ba7b899252f5369f832d1d
        tags:
            - latest
targets:
    fire-hydrant:
        source: FireHydrant-OAS
        sourceNamespace: fire-hydrant-oas
        sourceRevisionDigest: sha256:ef0699ae44b05110746b6aa616a0724501ab9b581cb6490c80355bbbb2b83e5e
        sourceBlobDigest: sha256:84df2b330bff24743652909b4a5ba94e70a276fba9ba7b899252f5369f832d1d
workflow:
    workflowVersion: 1.0.0
    sources:
        FireHydrant-OAS:
            inputs:
                - location: ./Original.yaml
            overlays:
                - location: ./speakeasy-suggested-overlay.yaml
            registry:
                location: registry.speakeasyapi.dev/speakeasy-self/speakeasy-self/fire-hydrant-oas
    targets:
        fire-hydrant:
            target: go
            source: FireHydrant-OAS
